
Microsoft Visual Studio Solution File, Format Version 12.00
# Visual Studio Version 17
VisualStudioVersion = 17.0.31903.59
MinimumVisualStudioVersion = 10.0.40219.1
Project("{2150E333-8FDC-42A3-9474-1A3956D46DE8}") = "src", "src", "{52BE94F6-94DC-4629-AE03-ED333463CFB1}"
EndProject
Project("{FAE04EC0-301F-11D3-BF4B-00C04F79EFBC}") = "Pulse.Desktop", "src\Pulse.Desktop\Pulse.Desktop.csproj", "{2634D823-B6D1-409B-BAD2-D5BB42528E97}"
EndProject
Project("{2150E333-8FDC-42A3-9474-1A3956D46DE8}") = "installer", "installer", "{4213F665-ECF7-4C65-A656-077F22CBDC04}"
EndProject
Project("{B7DD6F7E-DEF8-4E67-B5B7-07EF123DB6F0}") = "Pulse.Desktop.Installer", "installer\Pulse.Desktop.Installer\Pulse.Desktop.Installer.wixproj", "{867FF000-EC8E-4DBE-A381-5DEB9C834784}"
EndProject
Global
	GlobalSection(SolutionConfigurationPlatforms) = preSolution
		Debug|Any CPU = Debug|Any CPU
		Release|Any CPU = Release|Any CPU
	EndGlobalSection
	GlobalSection(SolutionProperties) = preSolution
		HideSolutionNode = FALSE
	EndGlobalSection
	GlobalSection(ProjectConfigurationPlatforms) = postSolution
		{2634D823-B6D1-409B-BAD2-D5BB42528E97}.Debug|Any CPU.ActiveCfg = Debug|Any CPU
		{2634D823-B6D1-409B-BAD2-D5BB42528E97}.Debug|Any CPU.Build.0 = Debug|Any CPU
		{2634D823-B6D1-409B-BAD2-D5BB42528E97}.Release|Any CPU.ActiveCfg = Release|Any CPU
		{2634D823-B6D1-409B-BAD2-D5BB42528E97}.Release|Any CPU.Build.0 = Release|Any CPU
		{867FF000-EC8E-4DBE-A381-5DEB9C834784}.Debug|Any CPU.ActiveCfg = Debug|Any CPU
		{867FF000-EC8E-4DBE-A381-5DEB9C834784}.Debug|Any CPU.Build.0 = Debug|Any CPU
		{867FF000-EC8E-4DBE-A381-5DEB9C834784}.Release|Any CPU.ActiveCfg = Release|Any CPU
		{867FF000-EC8E-4DBE-A381-5DEB9C834784}.Release|Any CPU.Build.0 = Release|Any CPU
	EndGlobalSection
	GlobalSection(NestedProjects) = preSolution
		{2634D823-B6D1-409B-BAD2-D5BB42528E97} = {52BE94F6-94DC-4629-AE03-ED333463CFB1}
		{867FF000-EC8E-4DBE-A381-5DEB9C834784} = {4213F665-ECF7-4C65-A656-077F22CBDC04}
	EndGlobalSection
EndGlobal
